
Microsoft Visual Studio Solution File, Format Version 12.00
Project("{FAE04EC0-301F-11D3-BF4B-00C04F79EFBC}") = "apbd-test2-template", "apbd-test2-template\apbd-test2-template.csproj", "{0B285CC9-9435-4D44-AB42-06B0BF0A537B}"
EndProject
Global
	GlobalSection(SolutionConfigurationPlatforms) = preSolution
		Debug|Any CPU = Debug|Any CPU
		Release|Any CPU = Release|Any CPU
	EndGlobalSection
	GlobalSection(ProjectConfigurationPlatforms) = postSolution
		{0B285CC9-9435-4D44-AB42-06B0BF0A537B}.Debug|Any CPU.ActiveCfg = Debug|Any CPU
		{0B285CC9-9435-4D44-AB42-06B0BF0A537B}.Debug|Any CPU.Build.0 = Debug|Any CPU
		{0B285CC9-9435-4D44-AB42-06B0BF0A537B}.Release|Any CPU.ActiveCfg = Release|Any CPU
		{0B285CC9-9435-4D44-AB42-06B0BF0A537B}.Release|Any CPU.Build.0 = Release|Any CPU
	EndGlobalSection
EndGlobal
